
Microsoft Visual Studio Solution File, Format Version 12.00
# Visual Studio Version 17
VisualStudioVersion = 17.1.32319.34
MinimumVisualStudioVersion = 10.0.40219.1
Project("{9A19103F-16F7-4668-BE54-9A1E7A4F7556}") = "ToDo.Server", "ToDo\Server\ToDo.Server.csproj", "{236823D1-CFCB-470A-A1C1-F36769B9F145}"
EndProject
Project("{9A19103F-16F7-4668-BE54-9A1E7A4F7556}") = "ToDo.Client", "ToDo\Client\ToDo.Client.csproj", "{4DD1EC01-3E90-45F3-8962-3F9CEA220CB9}"
EndProject
Project("{9A19103F-16F7-4668-BE54-9A1E7A4F7556}") = "ToDo.Shared", "ToDo\Shared\ToDo.Shared.csproj", "{2FD2B35A-48CE-4748-A38D-4503D15C9108}"
EndProject
Project("{9A19103F-16F7-4668-BE54-9A1E7A4F7556}") = "ToDo.Data", "ToDo.Data\ToDo.Data.csproj", "{5536A5FF-D83D-47E3-818C-EE2FE139D089}"
EndProject
Project("{9A19103F-16F7-4668-BE54-9A1E7A4F7556}") = "ToDo.Mappers", "ToDo.Mappers\ToDo.Mappers.csproj", "{741009AB-1837-40F7-93CB-07E807AED316}"
EndProject
Project("{9A19103F-16F7-4668-BE54-9A1E7A4F7556}") = "ToDo.Repository", "ToDo.Repository\ToDo.Repository.csproj", "{B5E2C970-1E1B-4078-8552-DBCDD3AAB6D3}"
EndProject
Project("{9A19103F-16F7-4668-BE54-9A1E7A4F7556}") = "ToDo.Services", "ToDo.Services\ToDo.Services.csproj", "{3BF4AEF4-DC51-4E39-A520-C0FD9B4A2B20}"
EndProject
Project("{9A19103F-16F7-4668-BE54-9A1E7A4F7556}") = "ToDo.Common", "ToDo.Common\ToDo.Common.csproj", "{928F6083-4EE0-432E-A3F9-C1661F8C2C9F}"
EndProject
Global
	GlobalSection(SolutionConfigurationPlatforms) = preSolution
		Debug|Any CPU = Debug|Any CPU
		Release|Any CPU = Release|Any CPU
	EndGlobalSection
	GlobalSection(ProjectConfigurationPlatforms) = postSolution
		{236823D1-CFCB-470A-A1C1-F36769B9F145}.Debug|Any CPU.ActiveCfg = Debug|Any CPU
		{236823D1-CFCB-470A-A1C1-F36769B9F145}.Debug|Any CPU.Build.0 = Debug|Any CPU
		{236823D1-CFCB-470A-A1C1-F36769B9F145}.Release|Any CPU.ActiveCfg = Release|Any CPU
		{236823D1-CFCB-470A-A1C1-F36769B9F145}.Release|Any CPU.Build.0 = Release|Any CPU
		{4DD1EC01-3E90-45F3-8962-3F9CEA220CB9}.Debug|Any CPU.ActiveCfg = Debug|Any CPU
		{4DD1EC01-3E90-45F3-8962-3F9CEA220CB9}.Debug|Any CPU.Build.0 = Debug|Any CPU
		{4DD1EC01-3E90-45F3-8962-3F9CEA220CB9}.Release|Any CPU.ActiveCfg = Release|Any CPU
		{4DD1EC01-3E90-45F3-8962-3F9CEA220CB9}.Release|Any CPU.Build.0 = Release|Any CPU
		{2FD2B35A-48CE-4748-A38D-4503D15C9108}.Debug|Any CPU.ActiveCfg = Debug|Any CPU
		{2FD2B35A-48CE-4748-A38D-4503D15C9108}.Debug|Any CPU.Build.0 = Debug|Any CPU
		{2FD2B35A-48CE-4748-A38D-4503D15C9108}.Release|Any CPU.ActiveCfg = Release|Any CPU
		{2FD2B35A-48CE-4748-A38D-4503D15C9108}.Release|Any CPU.Build.0 = Release|Any CPU
		{5536A5FF-D83D-47E3-818C-EE2FE139D089}.Debug|Any CPU.ActiveCfg = Debug|Any CPU
		{5536A5FF-D83D-47E3-818C-EE2FE139D089}.Debug|Any CPU.Build.0 = Debug|Any CPU
		{5536A5FF-D83D-47E3-818C-EE2FE139D089}.Release|Any CPU.ActiveCfg = Release|Any CPU
		{5536A5FF-D83D-47E3-818C-EE2FE139D089}.Release|Any CPU.Build.0 = Release|Any CPU
		{741009AB-1837-40F7-93CB-07E807AED316}.Debug|Any CPU.ActiveCfg = Debug|Any CPU
		{741009AB-1837-40F7-93CB-07E807AED316}.Debug|Any CPU.Build.0 = Debug|Any CPU
		{741009AB-1837-40F7-93CB-07E807AED316}.Release|Any CPU.ActiveCfg = Release|Any CPU
		{741009AB-1837-40F7-93CB-07E807AED316}.Release|Any CPU.Build.0 = Release|Any CPU
		{B5E2C970-1E1B-4078-8552-DBCDD3AAB6D3}.Debug|Any CPU.ActiveCfg = Debug|Any CPU
		{B5E2C970-1E1B-4078-8552-DBCDD3AAB6D3}.Debug|Any CPU.Build.0 = Debug|Any CPU
		{B5E2C970-1E1B-4078-8552-DBCDD3AAB6D3}.Release|Any CPU.ActiveCfg = Release|Any CPU
		{B5E2C970-1E1B-4078-8552-DBCDD3AAB6D3}.Release|Any CPU.Build.0 = Release|Any CPU
		{3BF4AEF4-DC51-4E39-A520-C0FD9B4A2B20}.Debug|Any CPU.ActiveCfg = Debug|Any CPU
		{3BF4AEF4-DC51-4E39-A520-C0FD9B4A2B20}.Debug|Any CPU.Build.0 = Debug|Any CPU
		{3BF4AEF4-DC51-4E39-A520-C0FD9B4A2B20}.Release|Any CPU.ActiveCfg = Release|Any CPU
		{3BF4AEF4-DC51-4E39-A520-C0FD9B4A2B20}.Release|Any CPU.Build.0 = Release|Any CPU
		{928F6083-4EE0-432E-A3F9-C1661F8C2C9F}.Debug|Any CPU.ActiveCfg = Debug|Any CPU
		{928F6083-4EE0-432E-A3F9-C1661F8C2C9F}.Debug|Any CPU.Build.0 = Debug|Any CPU
		{928F6083-4EE0-432E-A3F9-C1661F8C2C9F}.Release|Any CPU.ActiveCfg = Release|Any CPU
		{928F6083-4EE0-432E-A3F9-C1661F8C2C9F}.Release|Any CPU.Build.0 = Release|Any CPU
	EndGlobalSection
	GlobalSection(SolutionProperties) = preSolution
		HideSolutionNode = FALSE
	EndGlobalSection
	GlobalSection(ExtensibilityGlobals) = postSolution
		SolutionGuid = {2DB1B0EF-83B9-4E6A-A51B-19E3D5F0A33D}
	EndGlobalSection
EndGlobal
